
Microsoft Visual Studio Solution File, Format Version 12.00
# Visual Studio Version 16
VisualStudioVersion = 16.0.29806.167
MinimumVisualStudioVersion = 10.0.40219.1
Project("{FAE04EC0-301F-11D3-BF4B-00C04F79EFBC}") = "Prak3", "Prak3\Prak3.csproj", "{77A272AA-6987-4681-B377-1F445F49249A}"
EndProject
Global
	GlobalSection(SolutionConfigurationPlatforms) = preSolution
		Debug|Any CPU = Debug|Any CPU
		Release|Any CPU = Release|Any CPU
	EndGlobalSection
	GlobalSection(ProjectConfigurationPlatforms) = postSolution
		{77A272AA-6987-4681-B377-1F445F49249A}.Debug|Any CPU.ActiveCfg = Debug|Any CPU
		{77A272AA-6987-4681-B377-1F445F49249A}.Debug|Any CPU.Build.0 = Debug|Any CPU
		{77A272AA-6987-4681-B377-1F445F49249A}.Release|Any CPU.ActiveCfg = Release|Any CPU
		{77A272AA-6987-4681-B377-1F445F49249A}.Release|Any CPU.Build.0 = Release|Any CPU
	EndGlobalSection
	GlobalSection(SolutionProperties) = preSolution
		HideSolutionNode = FALSE
	EndGlobalSection
	GlobalSection(ExtensibilityGlobals) = postSolution
		SolutionGuid = {AC520BB3-B9A3-4344-9D01-890F5B0C4372}
	EndGlobalSection
EndGlobal
